Microsoft Visual Studio Solution File, Format Version 12.00
Project("{FAE04EC0-301F-11D3-BF4B-00C04F79EFBC}") = "core.jarvis.tests", "core.jarvis.tests\core.jarvis.tests.csproj", "{A9B8CBA4-BB7F-401E-9696-C70E4F20023E}"
EndProject
Project("{FAE04EC0-301F-11D3-BF4B-00C04F79EFBC}") = "core.jarvis", "core.jarvis\core.jarvis.csproj", "{CBA0F714-5A11-4DAA-96DB-468760438014}"
EndProject
Project("{FAE04EC0-301F-11D3-BF4B-00C04F79EFBC}") = "core.jarvis.data", "core.jarvis.data\core.jarvis.data.csproj", "{7DE7E9E2-BDFE-4944-BBF2-4FA4CDB4EC35}"
EndProject
Project("{FAE04EC0-301F-11D3-BF4B-00C04F79EFBC}") = "core.jarvis.data.tests", "core.jarvis.data.tests\core.jarvis.data.tests.csproj", "{414E9F4E-9AE4-4250-9B31-6B1D803CB1BF}"
EndProject
Global
	GlobalSection(SolutionConfigurationPlatforms) = preSolution
		Debug|Any CPU = Debug|Any CPU
		Release|Any CPU = Release|Any CPU
	EndGlobalSection
	GlobalSection(ProjectConfigurationPlatforms) = postSolution
		{B6020448-C56D-434A-9947-AF5A874CAC4D}.Debug|Any CPU.ActiveCfg = Debug|Any CPU
		{B6020448-C56D-434A-9947-AF5A874CAC4D}.Debug|Any CPU.Build.0 = Debug|Any CPU
		{B6020448-C56D-434A-9947-AF5A874CAC4D}.Release|Any CPU.ActiveCfg = Release|Any CPU
		{B6020448-C56D-434A-9947-AF5A874CAC4D}.Release|Any CPU.Build.0 = Release|Any CPU
		{A9B8CBA4-BB7F-401E-9696-C70E4F20023E}.Debug|Any CPU.ActiveCfg = Debug|Any CPU
		{A9B8CBA4-BB7F-401E-9696-C70E4F20023E}.Debug|Any CPU.Build.0 = Debug|Any CPU
		{A9B8CBA4-BB7F-401E-9696-C70E4F20023E}.Release|Any CPU.ActiveCfg = Release|Any CPU
		{A9B8CBA4-BB7F-401E-9696-C70E4F20023E}.Release|Any CPU.Build.0 = Release|Any CPU
		{CBA0F714-5A11-4DAA-96DB-468760438014}.Debug|Any CPU.ActiveCfg = Debug|Any CPU
		{CBA0F714-5A11-4DAA-96DB-468760438014}.Debug|Any CPU.Build.0 = Debug|Any CPU
		{CBA0F714-5A11-4DAA-96DB-468760438014}.Release|Any CPU.ActiveCfg = Release|Any CPU
		{CBA0F714-5A11-4DAA-96DB-468760438014}.Release|Any CPU.Build.0 = Release|Any CPU
		{7DE7E9E2-BDFE-4944-BBF2-4FA4CDB4EC35}.Debug|Any CPU.ActiveCfg = Debug|Any CPU
		{7DE7E9E2-BDFE-4944-BBF2-4FA4CDB4EC35}.Debug|Any CPU.Build.0 = Debug|Any CPU
		{7DE7E9E2-BDFE-4944-BBF2-4FA4CDB4EC35}.Release|Any CPU.ActiveCfg = Release|Any CPU
		{7DE7E9E2-BDFE-4944-BBF2-4FA4CDB4EC35}.Release|Any CPU.Build.0 = Release|Any CPU
		{414E9F4E-9AE4-4250-9B31-6B1D803CB1BF}.Debug|Any CPU.ActiveCfg = Debug|Any CPU
		{414E9F4E-9AE4-4250-9B31-6B1D803CB1BF}.Debug|Any CPU.Build.0 = Debug|Any CPU
		{414E9F4E-9AE4-4250-9B31-6B1D803CB1BF}.Release|Any CPU.ActiveCfg = Release|Any CPU
		{414E9F4E-9AE4-4250-9B31-6B1D803CB1BF}.Release|Any CPU.Build.0 = Release|Any CPU
	EndGlobalSection
EndGlobal
